
Microsoft Visual Studio Solution File, Format Version 12.00
# Visual Studio Version 16
VisualStudioVersion = 16.0.31321.278
MinimumVisualStudioVersion = 10.0.40219.1
Project("{FAE04EC0-301F-11D3-BF4B-00C04F79EFBC}") = "PractiseSol", "PractiseSol\PractiseSol.csproj", "{AE2392F8-DA11-4F4A-9381-83C6B6D496B1}"
EndProject
Global
	GlobalSection(SolutionConfigurationPlatforms) = preSolution
		Debug|Any CPU = Debug|Any CPU
		Release|Any CPU = Release|Any CPU
	EndGlobalSection
	GlobalSection(ProjectConfigurationPlatforms) = postSolution
		{AE2392F8-DA11-4F4A-9381-83C6B6D496B1}.Debug|Any CPU.ActiveCfg = Debug|Any CPU
		{AE2392F8-DA11-4F4A-9381-83C6B6D496B1}.Debug|Any CPU.Build.0 = Debug|Any CPU
		{AE2392F8-DA11-4F4A-9381-83C6B6D496B1}.Release|Any CPU.ActiveCfg = Release|Any CPU
		{AE2392F8-DA11-4F4A-9381-83C6B6D496B1}.Release|Any CPU.Build.0 = Release|Any CPU
	EndGlobalSection
	GlobalSection(SolutionProperties) = preSolution
		HideSolutionNode = FALSE
	EndGlobalSection
	GlobalSection(ExtensibilityGlobals) = postSolution
		SolutionGuid = {353C8A6F-BDDB-4A7A-B571-B73BE19AC18F}
	EndGlobalSection
EndGlobal
